Microsoft Visual Studio Solution File, Format Version 12.00
# Visual Studio Version 17
VisualStudioVersion = 17.5.2.0
MinimumVisualStudioVersion = 10.0.40219.1
Project("{FAE04EC0-301F-11D3-BF4B-00C04F79EFBC}") = "UniEatsWebAPI", "UniEatsWebAPI.csproj", "{3F810BF4-7752-AB12-668F-0962D5C6C940}"
EndProject
Global
	GlobalSection(SolutionConfigurationPlatforms) = preSolution
		Debug|Any CPU = Debug|Any CPU
		Release|Any CPU = Release|Any CPU
	EndGlobalSection
	GlobalSection(ProjectConfigurationPlatforms) = postSolution
		{3F810BF4-7752-AB12-668F-0962D5C6C940}.Debug|Any CPU.ActiveCfg = Debug|Any CPU
		{3F810BF4-7752-AB12-668F-0962D5C6C940}.Debug|Any CPU.Build.0 = Debug|Any CPU
		{3F810BF4-7752-AB12-668F-0962D5C6C940}.Release|Any CPU.ActiveCfg = Release|Any CPU
		{3F810BF4-7752-AB12-668F-0962D5C6C940}.Release|Any CPU.Build.0 = Release|Any CPU
	EndGlobalSection
	GlobalSection(SolutionProperties) = preSolution
		HideSolutionNode = FALSE
	EndGlobalSection
	GlobalSection(ExtensibilityGlobals) = postSolution
		SolutionGuid = {B97C141E-A454-4C9A-A781-B84074A95D77}
	EndGlobalSection
EndGlobal
